
Microsoft Visual Studio Solution File, Format Version 12.00
# Visual Studio Version 17
VisualStudioVersion = 17.3.32929.385
MinimumVisualStudioVersion = 10.0.40219.1
Project("{9A19103F-16F7-4668-BE54-9A1E7A4F7556}") = "FibonacciSerial", "FibonacciSerial\FibonacciSerial.csproj", "{B305E2E1-CECB-4DA3-AD19-3ACDD1D372E5}"
EndProject
Project("{9A19103F-16F7-4668-BE54-9A1E7A4F7556}") = "TriangleDraw", "TriangleDraw\TriangleDraw.csproj", "{362CCB89-533C-4660-9EC3-18B96A647CE8}"
EndProject
Project("{9A19103F-16F7-4668-BE54-9A1E7A4F7556}") = "CircleDraw", "CircleDraw\CircleDraw.csproj", "{881B2F16-5B2B-4EF0-93AA-985FD1ECD1E5}"
EndProject
Project("{FAE04EC0-301F-11D3-BF4B-00C04F79EFBC}") = "StringAlgoritma", "StringAlgoritma\StringAlgoritma.csproj", "{746DFB66-713E-4EB4-9559-AA81C3B3C8EA}"
EndProject
Project("{FAE04EC0-301F-11D3-BF4B-00C04F79EFBC}") = "CharacterChange", "CharacterChange\CharacterChange.csproj", "{4FEEE719-E93B-495F-B093-2B815FC2755F}"
EndProject
Project("{FAE04EC0-301F-11D3-BF4B-00C04F79EFBC}") = "AreaCalculate", "AreaCalculate\AreaCalculate.csproj", "{198EA6CC-1456-4172-A38F-BB52A5C08A4A}"
EndProject
Project("{FAE04EC0-301F-11D3-BF4B-00C04F79EFBC}") = "DualAlgoritma", "DualAlgoritma\DualAlgoritma.csproj", "{D58BB162-922E-4C7F-A8A6-72C19D4A9D10}"
EndProject
Global
	GlobalSection(SolutionConfigurationPlatforms) = preSolution
		Debug|Any CPU = Debug|Any CPU
		Release|Any CPU = Release|Any CPU
	EndGlobalSection
	GlobalSection(ProjectConfigurationPlatforms) = postSolution
		{B305E2E1-CECB-4DA3-AD19-3ACDD1D372E5}.Debug|Any CPU.ActiveCfg = Debug|Any CPU
		{B305E2E1-CECB-4DA3-AD19-3ACDD1D372E5}.Debug|Any CPU.Build.0 = Debug|Any CPU
		{B305E2E1-CECB-4DA3-AD19-3ACDD1D372E5}.Release|Any CPU.ActiveCfg = Release|Any CPU
		{B305E2E1-CECB-4DA3-AD19-3ACDD1D372E5}.Release|Any CPU.Build.0 = Release|Any CPU
		{362CCB89-533C-4660-9EC3-18B96A647CE8}.Debug|Any CPU.ActiveCfg = Debug|Any CPU
		{362CCB89-533C-4660-9EC3-18B96A647CE8}.Debug|Any CPU.Build.0 = Debug|Any CPU
		{362CCB89-533C-4660-9EC3-18B96A647CE8}.Release|Any CPU.ActiveCfg = Release|Any CPU
		{362CCB89-533C-4660-9EC3-18B96A647CE8}.Release|Any CPU.Build.0 = Release|Any CPU
		{881B2F16-5B2B-4EF0-93AA-985FD1ECD1E5}.Debug|Any CPU.ActiveCfg = Debug|Any CPU
		{881B2F16-5B2B-4EF0-93AA-985FD1ECD1E5}.Debug|Any CPU.Build.0 = Debug|Any CPU
		{881B2F16-5B2B-4EF0-93AA-985FD1ECD1E5}.Release|Any CPU.ActiveCfg = Release|Any CPU
		{881B2F16-5B2B-4EF0-93AA-985FD1ECD1E5}.Release|Any CPU.Build.0 = Release|Any CPU
		{746DFB66-713E-4EB4-9559-AA81C3B3C8EA}.Debug|Any CPU.ActiveCfg = Debug|Any CPU
		{746DFB66-713E-4EB4-9559-AA81C3B3C8EA}.Debug|Any CPU.Build.0 = Debug|Any CPU
		{746DFB66-713E-4EB4-9559-AA81C3B3C8EA}.Release|Any CPU.ActiveCfg = Release|Any CPU
		{746DFB66-713E-4EB4-9559-AA81C3B3C8EA}.Release|Any CPU.Build.0 = Release|Any CPU
		{4FEEE719-E93B-495F-B093-2B815FC2755F}.Debug|Any CPU.ActiveCfg = Debug|Any CPU
		{4FEEE719-E93B-495F-B093-2B815FC2755F}.Debug|Any CPU.Build.0 = Debug|Any CPU
		{4FEEE719-E93B-495F-B093-2B815FC2755F}.Release|Any CPU.ActiveCfg = Release|Any CPU
		{4FEEE719-E93B-495F-B093-2B815FC2755F}.Release|Any CPU.Build.0 = Release|Any CPU
		{198EA6CC-1456-4172-A38F-BB52A5C08A4A}.Debug|Any CPU.ActiveCfg = Debug|Any CPU
		{198EA6CC-1456-4172-A38F-BB52A5C08A4A}.Debug|Any CPU.Build.0 = Debug|Any CPU
		{198EA6CC-1456-4172-A38F-BB52A5C08A4A}.Release|Any CPU.ActiveCfg = Release|Any CPU
		{198EA6CC-1456-4172-A38F-BB52A5C08A4A}.Release|Any CPU.Build.0 = Release|Any CPU
		{D58BB162-922E-4C7F-A8A6-72C19D4A9D10}.Debug|Any CPU.ActiveCfg = Debug|Any CPU
		{D58BB162-922E-4C7F-A8A6-72C19D4A9D10}.Debug|Any CPU.Build.0 = Debug|Any CPU
		{D58BB162-922E-4C7F-A8A6-72C19D4A9D10}.Release|Any CPU.ActiveCfg = Release|Any CPU
		{D58BB162-922E-4C7F-A8A6-72C19D4A9D10}.Release|Any CPU.Build.0 = Release|Any CPU
	EndGlobalSection
	GlobalSection(SolutionProperties) = preSolution
		HideSolutionNode = FALSE
	EndGlobalSection
	GlobalSection(ExtensibilityGlobals) = postSolution
		SolutionGuid = {C45ADE97-6592-4408-A7F5-C1D5142F5440}
	EndGlobalSection
EndGlobal
